// !$*UTF8*$!
{
	archiveVersion = 1;
	classes = {
	};
	objectVersion = 46;
	objects = {

/* Begin PBXBuildFile section */
		21AA039C1A6A36EF003C2F82 /* main.m in Sources */ = {isa = PBXBuildFile; fileRef = 21AA039B1A6A36EF003C2F82 /* main.m */; };
		21AA039F1A6A36EF003C2F82 /* AppDelegate.m in Sources */ = {isa = PBXBuildFile; fileRef = 21AA039E1A6A36EF003C2F82 /* AppDelegate.m */; };
		21AA03A21A6A36EF003C2F82 /* ViewController.m in Sources */ = {isa = PBXBuildFile; fileRef = 21AA03A11A6A36EF003C2F82 /* ViewController.m */; };
		21AA03A51A6A36EF003C2F82 /* Main.storyboard in Resources */ = {isa = PBXBuildFile; fileRef = 21AA03A31A6A36EF003C2F82 /* Main.storyboard */; };
		21AA03A71A6A36EF003C2F82 /* Images.xcassets in Resources */ = {isa = PBXBuildFile; fileRef = 21AA03A61A6A36EF003C2F82 /* Images.xcassets */; };
		21AA03AA1A6A36EF003C2F82 /* LaunchScreen.xib in Resources */ = {isa = PBXBuildFile; fileRef = 21AA03A81A6A36EF003C2F82 /* LaunchScreen.xib */; };
		21AA03B61A6A36EF003C2F82 /* MapTests.m in Sources */ = {isa = PBXBuildFile; fileRef = 21AA03B51A6A36EF003C2F82 /* MapTests.m */; };
/* End PBXBuildFile section */

/* Begin PBXContainerItemProxy section */
		21AA03B01A6A36EF003C2F82 /* PBXContainerItemProxy */ = {
			isa = PBXContainerItemProxy;
			containerPortal = 21AA038E1A6A36EF003C2F82 /* Project object */;
			proxyType = 1;
			remoteGlobalIDString = 21AA03951A6A36EF003C2F82;
			remoteInfo = Map;
		};
/* End PBXContainerItemProxy section */

/* Begin PBXFileReference section */
		21AA03961A6A36EF003C2F82 /* Map.app */ = {isa = PBXFileReference; explicitFileType = wrapper.application; includeInIndex = 0; path = Map.app; sourceTree = BUILT_PRODUCTS_DIR; };
		21AA039A1A6A36EF003C2F82 /* Info.plist */ = {isa = PBXFileReference; lastKnownFileType = text.plist.xml; path = Info.plist; sourceTree = "<group>"; };
		21AA039B1A6A36EF003C2F82 /* main.m */ = {isa = PBXFileReference; lastKnownFileType = sourcecode.c.objc; path = main.m; sourceTree = "<group>"; };
		21AA039D1A6A36EF003C2F82 /* AppDelegate.h */ = {isa = PBXFileReference; lastKnownFileType = sourcecode.c.h; path = AppDelegate.h; sourceTree = "<group>"; };
		21AA039E1A6A36EF003C2F82 /* AppDelegate.m */ = {isa = PBXFileReference; lastKnownFileType = sourcecode.c.objc; path = AppDelegate.m; sourceTree = "<group>"; };
		21AA03A01A6A36EF003C2F82 /* ViewController.h */ = {isa = PBXFileReference; lastKnownFileType = sourcecode.c.h; path = ViewController.h; sourceTree = "<group>"; };
		21AA03A11A6A36EF003C2F82 /* ViewController.m */ = {isa = PBXFileReference; lastKnownFileType = sourcecode.c.objc; path = ViewController.m; sourceTree = "<group>"; };
		21AA03A41A6A36EF003C2F82 /* Base */ = {isa = PBXFileReference; lastKnownFileType = file.storyboard; name = Base; path = Base.lproj/Main.storyboard; sourceTree = "<group>"; };
		21AA03A61A6A36EF003C2F82 /* Images.xcassets */ = {isa = PBXFileReference; lastKnownFileType = folder.assetcatalog; path = Images.xcassets; sourceTree = "<group>"; };
		21AA03A91A6A36EF003C2F82 /* Base */ = {isa = PBXFileReference; lastKnownFileType = file.xib; name = Base; path = Base.lproj/LaunchScreen.xib; sourceTree = "<group>"; };
		21AA03AF1A6A36EF003C2F82 /* MapTests.xctest */ = {isa = PBXFileReference; explicitFileType = wrapper.cfbundle; includeInIndex = 0; path = MapTests.xctest; sourceTree = BUILT_PRODUCTS_DIR; };
		21AA03B41A6A36EF003C2F82 /* Info.plist */ = {isa = PBXFileReference; lastKnownFileType = text.plist.xml; path = Info.plist; sourceTree = "<group>"; };
		21AA03B51A6A36EF003C2F82 /* MapTests.m */ = {isa = PBXFileReference; lastKnownFileType = sourcecode.c.objc; path = MapTests.m; sourceTree = "<group>"; };
/* End PBXFileReference section */

/* Begin PBXFrameworksBuildPhase section */
		21AA03931A6A36EF003C2F82 /* Frameworks */ = {
			isa = PBXFrameworksBuildPhase;
			buildActionMask = 2147483647;
			files = (
			);
			runOnlyForDeploymentPostprocessing = 0;
		};
		21AA03AC1A6A36EF003C2F82 /* Frameworks */ = {
			isa = PBXFrameworksBuildPhase;
			buildActionMask = 2147483647;
			files = (
			);
			runOnlyForDeploymentPostprocessing = 0;
		};
/* End PBXFrameworksBuildPhase section */

/* Begin PBXGroup section */
		21AA038D1A6A36EF003C2F82 = {
			isa = PBXGroup;
			children = (
				21AA03981A6A36EF003C2F82 /* Map */,
				21AA03B21A6A36EF003C2F82 /* MapTests */,
				21AA03971A6A36EF003C2F82 /* Products */,
			);
			sourceTree = "<group>";
		};
		21AA03971A6A36EF003C2F82 /* Products */ = {
			isa = PBXGroup;
			children = (
				21AA03961A6A36EF003C2F82 /* Map.app */,
				21AA03AF1A6A36EF003C2F82 /* MapTests.xctest */,
			);
			name = Products;
			sourceTree = "<group>";
		};
		21AA03981A6A36EF003C2F82 /* Map */ = {
			isa = PBXGroup;
			children = (
				21AA039D1A6A36EF003C2F82 /* AppDelegate.h */,
				21AA039E1A6A36EF003C2F82 /* AppDelegate.m */,
				21AA03A01A6A36EF003C2F82 /* ViewController.h */,
				21AA03A11A6A36EF003C2F82 /* ViewController.m */,
				21AA03A31A6A36EF003C2F82 /* Main.storyboard */,
				21AA03A61A6A36EF003C2F82 /* Images.xcassets */,
				21AA03A81A6A36EF003C2F82 /* LaunchScreen.xib */,
				21AA03991A6A36EF003C2F82 /* Supporting Files */,
			);
			path = Map;
			sourceTree = "<group>";
		};
		21AA03991A6A36EF003C2F82 /* Supporting Files */ = {
			isa = PBXGroup;
			children = (
				21AA039A1A6A36EF003C2F82 /* Info.plist */,
				21AA039B1A6A36EF003C2F82 /* main.m */,
			);
			name = "Supporting Files";
			sourceTree = "<group>";
		};
		21AA03B21A6A36EF003C2F82 /* MapTests */ = {
			isa = PBXGroup;
			children = (
				21AA03B51A6A36EF003C2F82 /* MapTests.m */,
				21AA03B31A6A36EF003C2F82 /* Supporting Files */,
			);
			path = MapTests;
			sourceTree = "<group>";
		};
		21AA03B31A6A36EF003C2F82 /* Supporting Files */ = {
			isa = PBXGroup;
			children = (
				21AA03B41A6A36EF003C2F82 /* Info.plist */,
			);
			name = "Supporting Files";
			sourceTree = "<group>";
		};
/* End PBXGroup section */

/* Begin PBXNativeTarget section */
		21AA03951A6A36EF003C2F82 /* Map */ = {
			isa = PBXNativeTarget;
			buildConfigurationList = 21AA03B91A6A36EF003C2F82 /* Build configuration list for PBXNativeTarget "Map" */;
			buildPhases = (
				21AA03921A6A36EF003C2F82 /* Sources */,
				21AA03931A6A36EF003C2F82 /* Frameworks */,
				21AA03941A6A36EF003C2F82 /* Resources */,
			);
			buildRules = (
			);
			dependencies = (
			);
			name = Map;
			productName = Map;
			productReference = 21AA03961A6A36EF003C2F82 /* Map.app */;
			productType = "com.apple.product-type.application";
		};
		21AA03AE1A6A36EF003C2F82 /* MapTests */ = {
			isa = PBXNativeTarget;
			buildConfigurationList = 21AA03BC1A6A36EF003C2F82 /* Build configuration list for PBXNativeTarget "MapTests" */;
			buildPhases = (
				21AA03AB1A6A36EF003C2F82 /* Sources */,
				21AA03AC1A6A36EF003C2F82 /* Frameworks */,
				21AA03AD1A6A36EF003C2F82 /* Resources */,
			);
			buildRules = (
			);
			dependencies = (
				21AA03B11A6A36EF003C2F82 /* PBXTargetDependency */,
			);
			name = MapTests;
			productName = MapTests;
			productReference = 21AA03AF1A6A36EF003C2F82 /* MapTests.xctest */;
			productType = "com.apple.product-type.bundle.unit-test";
		};
/* End PBXNativeTarget section */

/* Begin PBXProject section */
		21AA038E1A6A36EF003C2F82 /* Project object */ = {
			isa = PBXProject;
			attributes = {
				LastUpgradeCheck = 0610;
				ORGANIZATIONNAME = "Yuji Shimizu";
				TargetAttributes = {
					21AA03951A6A36EF003C2F82 = {
						CreatedOnToolsVersion = 6.1.1;
					};
					21AA03AE1A6A36EF003C2F82 = {
						CreatedOnToolsVersion = 6.1.1;
						TestTargetID = 21AA03951A6A36EF003C2F82;
					};
				};
			};
			buildConfigurationList = 21AA03911A6A36EF003C2F82 /* Build configuration list for PBXProject "Map" */;
			compatibilityVersion = "Xcode 3.2";
			developmentRegion = English;
			hasScannedForEncodings = 0;
			knownRegions = (
				en,
				Base,
			);
			mainGroup = 21AA038D1A6A36EF003C2F82;
			productRefGroup = 21AA03971A6A36EF003C2F82 /* Products */;
			projectDirPath = "";
			projectRoot = "";
			targets = (
				21AA03951A6A36EF003C2F82 /* Map */,
				21AA03AE1A6A36EF003C2F82 /* MapTests */,
			);
		};
/* End PBXProject section */

/* Begin PBXResourcesBuildPhase section */
		21AA03941A6A36EF003C2F82 /* Resources */ = {
			isa = PBXResourcesBuildPhase;
			buildActionMask = 2147483647;
			files = (
				21AA03A51A6A36EF003C2F82 /* Main.storyboard in Resources */,
				21AA03AA1A6A36EF003C2F82 /* LaunchScreen.xib in Resources */,
				21AA03A71A6A36EF003C2F82 /* Images.xcassets in Resources */,
			);
			runOnlyForDeploymentPostprocessing = 0;
		};
		21AA03AD1A6A36EF003C2F82 /* Resources */ = {
			isa = PBXResourcesBuildPhase;
			buildActionMask = 2147483647;
			files = (
			);
			runOnlyForDeploymentPostprocessing = 0;
		};
/* End PBXResourcesBuildPhase section */

/* Begin PBXSourcesBuildPhase section */
		21AA03921A6A36EF003C2F82 /* Sources */ = {
			isa = PBXSourcesBuildPhase;
			buildActionMask = 2147483647;
			files = (
				21AA03A21A6A36EF003C2F82 /* ViewController.m in Sources */,
				21AA039F1A6A36EF003C2F82 /* AppDelegate.m in Sources */,
				21AA039C1A6A36EF003C2F82 /* main.m in Sources */,
			);
			runOnlyForDeploymentPostprocessing = 0;
		};
		21AA03AB1A6A36EF003C2F82 /* Sources */ = {
			isa = PBXSourcesBuildPhase;
			buildActionMask = 2147483647;
			files = (
				21AA03B61A6A36EF003C2F82 /* MapTests.m in Sources */,
			);
			runOnlyForDeploymentPostprocessing = 0;
		};
/* End PBXSourcesBuildPhase section */

/* Begin PBXTargetDependency section */
		21AA03B11A6A36EF003C2F82 /* PBXTargetDependency */ = {
			isa = PBXTargetDependency;
			target = 21AA03951A6A36EF003C2F82 /* Map */;
			targetProxy = 21AA03B01A6A36EF003C2F82 /* PBXContainerItemProxy */;
		};
/* End PBXTargetDependency section */

/* Begin PBXVariantGroup section */
		21AA03A31A6A36EF003C2F82 /* Main.storyboard */ = {
			isa = PBXVariantGroup;
			children = (
				21AA03A41A6A36EF003C2F82 /* Base */,
			);
			name = Main.storyboard;
			sourceTree = "<group>";
		};
		21AA03A81A6A36EF003C2F82 /* LaunchScreen.xib */ = {
			isa = PBXVariantGroup;
			children = (
				21AA03A91A6A36EF003C2F82 /* Base */,
			);
			name = LaunchScreen.xib;
			sourceTree = "<group>";
		};
/* End PBXVariantGroup section */

/* Begin XCBuildConfiguration section */
		21AA03B71A6A36EF003C2F82 /* Debug */ = {
			isa = XCBuildConfiguration;
			buildSettings = {
				ALWAYS_SEARCH_USER_PATHS = NO;
				CLANG_CXX_LANGUAGE_STANDARD = "gnu++0x";
				CLANG_CXX_LIBRARY = "libc++";
				CLANG_ENABLE_MODULES = YES;
				CLANG_ENABLE_OBJC_ARC = YES;
				CLANG_WARN_BOOL_CONVERSION = YES;
				CLANG_WARN_CONSTANT_CONVERSION = YES;
				CLANG_WARN_DIRECT_OBJC_ISA_USAGE = YES_ERROR;
				CLANG_WARN_EMPTY_BODY = YES;
				CLANG_WARN_ENUM_CONVERSION = YES;
				CLANG_WARN_INT_CONVERSION = YES;
				CLANG_WARN_OBJC_ROOT_CLASS = YES_ERROR;
				CLANG_WARN_UNREACHABLE_CODE = YES;
				CLANG_WARN__DUPLICATE_METHOD_MATCH = YES;
				"CODE_SIGN_IDENTITY[sdk=iphoneos*]" = "iPhone Developer";
				COPY_PHASE_STRIP = NO;
				ENABLE_STRICT_OBJC_MSGSEND = YES;
				GCC_C_LANGUAGE_STANDARD = gnu99;
				GCC_DYNAMIC_NO_PIC = NO;
				GCC_OPTIMIZATION_LEVEL = 0;
				GCC_PREPROCESSOR_DEFINITIONS = (
					"DEBUG=1",
					"$(inherited)",
				);
				GCC_SYMBOLS_PRIVATE_EXTERN = NO;
				GCC_WARN_64_TO_32_BIT_CONVERSION = YES;
				GCC_WARN_ABOUT_RETURN_TYPE = YES_ERROR;
				GCC_WARN_UNDECLARED_SELECTOR = YES;
				GCC_WARN_UNINITIALIZED_AUTOS = YES_AGGRESSIVE;
				GCC_WARN_UNUSED_FUNCTION = YES;
				GCC_WARN_UNUSED_VARIABLE = YES;
				IPHONEOS_DEPLOYMENT_TARGET = 8.1;
				MTL_ENABLE_DEBUG_INFO = YES;
				ONLY_ACTIVE_ARCH = YES;
				SDKROOT = iphoneos;
				TARGETED_DEVICE_FAMILY = "1,2";
			};
			name = Debug;
		};
		21AA03B81A6A36EF003C2F82 /* Release */ = {
			isa = XCBuildConfiguration;
			buildSettings = {
				ALWAYS_SEARCH_USER_PATHS = NO;
				CLANG_CXX_LANGUAGE_STANDARD = "gnu++0x";
				CLANG_CXX_LIBRARY = "libc++";
				CLANG_ENABLE_MODULES = YES;
				CLANG_ENABLE_OBJC_ARC = YES;
				CLANG_WARN_BOOL_CONVERSION = YES;
				CLANG_WARN_CONSTANT_CONVERSION = YES;
				CLANG_WARN_DIRECT_OBJC_ISA_USAGE = YES_ERROR;
				CLANG_WARN_EMPTY_BODY = YES;
				CLANG_WARN_ENUM_CONVERSION = YES;
				CLANG_WARN_INT_CONVERSION = YES;
				CLANG_WARN_OBJC_ROOT_CLASS = YES_ERROR;
				CLANG_WARN_UNREACHABLE_CODE = YES;
				CLANG_WARN__DUPLICATE_METHOD_MATCH = YES;
				"CODE_SIGN_IDENTITY[sdk=iphoneos*]" = "iPhone Developer";
				COPY_PHASE_STRIP = YES;
				ENABLE_NS_ASSERTIONS = NO;
				ENABLE_STRICT_OBJC_MSGSEND = YES;
				GCC_C_LANGUAGE_STANDARD = gnu99;
				GCC_WARN_64_TO_32_BIT_CONVERSION = YES;
				GCC_WARN_ABOUT_RETURN_TYPE = YES_ERROR;
				GCC_WARN_UNDECLARED_SELECTOR = YES;
				GCC_WARN_UNINITIALIZED_AUTOS = YES_AGGRESSIVE;
				GCC_WARN_UNUSED_FUNCTION = YES;
				GCC_WARN_UNUSED_VARIABLE = YES;
				IPHONEOS_DEPLOYMENT_TARGET = 8.1;
				MTL_ENABLE_DEBUG_INFO = NO;
				SDKROOT = iphoneos;
				TARGETED_DEVICE_FAMILY = "1,2";
				VALIDATE_PRODUCT = YES;
			};
			name = Release;
		};
		21AA03BA1A6A36EF003C2F82 /* Debug */ = {
			isa = XCBuildConfiguration;
			buildSettings = {
				ASSETCATALOG_COMPILER_APPICON_NAME = AppIcon;
				INFOPLIST_FILE = Map/Info.plist;
				LD_RUNPATH_SEARCH_PATHS = "$(inherited) @executable_path/Frameworks";
				PRODUCT_NAME = "$(TARGET_NAME)";
			};
			name = Debug;
		};
		21AA03BB1A6A36EF003C2F82 /* Release */ = {
			isa = XCBuildConfiguration;
			buildSettings = {
				ASSETCATALOG_COMPILER_APPICON_NAME = AppIcon;
				INFOPLIST_FILE = Map/Info.plist;
				LD_RUNPATH_SEARCH_PATHS = "$(inherited) @executable_path/Frameworks";
				PRODUCT_NAME = "$(TARGET_NAME)";
			};
			name = Release;
		};
		21AA03BD1A6A36EF003C2F82 /* Debug */ = {
			isa = XCBuildConfiguration;
			buildSettings = {
				BUNDLE_LOADER = "$(TEST_HOST)";
				FRAMEWORK_SEARCH_PATHS = (
					"$(SDKROOT)/Developer/Library/Frameworks",
					"$(inherited)",
				);
				GCC_PREPROCESSOR_DEFINITIONS = (
					"DEBUG=1",
					"$(inherited)",
				);
				INFOPLIST_FILE = MapTests/Info.plist;
				LD_RUNPATH_SEARCH_PATHS = "$(inherited) @executable_path/Frameworks @loader_path/Frameworks";
				PRODUCT_NAME = "$(TARGET_NAME)";
				TEST_HOST = "$(BUILT_PRODUCTS_DIR)/Map.app/Map";
			};
			name = Debug;
		};
		21AA03BE1A6A36EF003C2F82 /* Release */ = {
			isa = XCBuildConfiguration;
			buildSettings = {
				BUNDLE_LOADER = "$(TEST_HOST)";
				FRAMEWORK_SEARCH_PATHS = (
					"$(SDKROOT)/Developer/Library/Frameworks",
					"$(inherited)",
				);
				INFOPLIST_FILE = MapTests/Info.plist;
				LD_RUNPATH_SEARCH_PATHS = "$(inherited) @executable_path/Frameworks @loader_path/Frameworks";
				PRODUCT_NAME = "$(TARGET_NAME)";
				TEST_HOST = "$(BUILT_PRODUCTS_DIR)/Map.app/Map";
			};
			name = Release;
		};
/* End XCBuildConfiguration section */

/* Begin XCConfigurationList section */
		21AA03911A6A36EF003C2F82 /* Build configuration list for PBXProject "Map" */ = {
			isa = XCConfigurationList;
			buildConfigurations = (
				21AA03B71A6A36EF003C2F82 /* Debug */,
				21AA03B81A6A36EF003C2F82 /* Release */,
			);
			defaultConfigurationIsVisible = 0;
			defaultConfigurationName = Release;
		};
		21AA03B91A6A36EF003C2F82 /* Build configuration list for PBXNativeTarget "Map" */ = {
			isa = XCConfigurationList;
			buildConfigurations = (
				21AA03BA1A6A36EF003C2F82 /* Debug */,
				21AA03BB1A6A36EF003C2F82 /* Release */,
			);
			defaultConfigurationIsVisible = 0;
		};
		21AA03BC1A6A36EF003C2F82 /* Build configuration list for PBXNativeTarget "MapTests" */ = {
			isa = XCConfigurationList;
			buildConfigurations = (
				21AA03BD1A6A36EF003C2F82 /* Debug */,
				21AA03BE1A6A36EF003C2F82 /* Release */,
			);
			defaultConfigurationIsVisible = 0;
		};
/* End XCConfigurationList section */
	};
	rootObject = 21AA038E1A6A36EF003C2F82 /* Project object */;
}
